// !$*UTF8*$!
{
	archiveVersion = 1;
	classes = {
	};
	objectVersion = 50;
	objects = {

/* Begin PBXBuildFile section */
		7B28063B2165230E00F9FE49 /* AppDelegate.swift in Sources */ = {isa = PBXBuildFile; fileRef = 7B28063A2165230E00F9FE49 /* AppDelegate.swift */; };
		7B28063D2165230E00F9FE49 /* CrayonViewController.swift in Sources */ = {isa = PBXBuildFile; fileRef = 7B28063C2165230E00F9FE49 /* CrayonViewController.swift */; };
		7B2806402165230E00F9FE49 /* Main.storyboard in Resources */ = {isa = PBXBuildFile; fileRef = 7B28063E2165230E00F9FE49 /* Main.storyboard */; };
		7B2806422165231000F9FE49 /* Assets.xcassets in Resources */ = {isa = PBXBuildFile; fileRef = 7B2806412165231000F9FE49 /* Assets.xcassets */; };
		7B2806452165231000F9FE49 /* LaunchScreen.storyboard in Resources */ = {isa = PBXBuildFile; fileRef = 7B2806432165231000F9FE49 /* LaunchScreen.storyboard */; };
		7B28064D216523D900F9FE49 /* CrayonColors.swift in Sources */ = {isa = PBXBuildFile; fileRef = 7B28064C216523D900F9FE49 /* CrayonColors.swift */; };
		7B28064F2165242100F9FE49 /* CrayonTableViewCell.swift in Sources */ = {isa = PBXBuildFile; fileRef = 7B28064E2165242100F9FE49 /* CrayonTableViewCell.swift */; };
		7B2806512165282300F9FE49 /* Crayon.swift in Sources */ = {isa = PBXBuildFile; fileRef = 7B2806502165282300F9FE49 /* Crayon.swift */; };
		7B2806532165283D00F9FE49 /* CrayonTableViewCellDelegate.swift in Sources */ = {isa = PBXBuildFile; fileRef = 7B2806522165283D00F9FE49 /* CrayonTableViewCellDelegate.swift */; };
		7B2806552165285C00F9FE49 /* CrayonModel.swift in Sources */ = {isa = PBXBuildFile; fileRef = 7B2806542165285C00F9FE49 /* CrayonModel.swift */; };
/* End PBXBuildFile section */

/* Begin PBXFileReference section */
		7B2806372165230E00F9FE49 /* Color.app */ = {isa = PBXFileReference; explicitFileType = wrapper.application; includeInIndex = 0; path = Color.app; sourceTree = BUILT_PRODUCTS_DIR; };
		7B28063A2165230E00F9FE49 /* AppDelegate.swift */ = {isa = PBXFileReference; lastKnownFileType = sourcecode.swift; path = AppDelegate.swift; sourceTree = "<group>"; };
		7B28063C2165230E00F9FE49 /* CrayonViewController.swift */ = {isa = PBXFileReference; lastKnownFileType = sourcecode.swift; path = CrayonViewController.swift; sourceTree = "<group>"; };
		7B28063F2165230E00F9FE49 /* Base */ = {isa = PBXFileReference; lastKnownFileType = file.storyboard; name = Base; path = Base.lproj/Main.storyboard; sourceTree = "<group>"; };
		7B2806412165231000F9FE49 /* Assets.xcassets */ = {isa = PBXFileReference; lastKnownFileType = folder.assetcatalog; path = Assets.xcassets; sourceTree = "<group>"; };
		7B2806442165231000F9FE49 /* Base */ = {isa = PBXFileReference; lastKnownFileType = file.storyboard; name = Base; path = Base.lproj/LaunchScreen.storyboard; sourceTree = "<group>"; };
		7B2806462165231000F9FE49 /* Info.plist */ = {isa = PBXFileReference; lastKnownFileType = text.plist.xml; path = Info.plist; sourceTree = "<group>"; };
		7B28064C216523D900F9FE49 /* CrayonColors.swift */ = {isa = PBXFileReference; lastKnownFileType = sourcecode.swift; path = CrayonColors.swift; sourceTree = "<group>"; };
		7B28064E2165242100F9FE49 /* CrayonTableViewCell.swift */ = {isa = PBXFileReference; lastKnownFileType = sourcecode.swift; path = CrayonTableViewCell.swift; sourceTree = "<group>"; };
		7B2806502165282300F9FE49 /* Crayon.swift */ = {isa = PBXFileReference; lastKnownFileType = sourcecode.swift; path = Crayon.swift; sourceTree = "<group>"; };
		7B2806522165283D00F9FE49 /* CrayonTableViewCellDelegate.swift */ = {isa = PBXFileReference; lastKnownFileType = sourcecode.swift; path = CrayonTableViewCellDelegate.swift; sourceTree = "<group>"; };
		7B2806542165285C00F9FE49 /* CrayonModel.swift */ = {isa = PBXFileReference; lastKnownFileType = sourcecode.swift; path = CrayonModel.swift; sourceTree = "<group>"; };
/* End PBXFileReference section */

/* Begin PBXFrameworksBuildPhase section */
		7B2806342165230E00F9FE49 /* Frameworks */ = {
			isa = PBXFrameworksBuildPhase;
			buildActionMask = 2147483647;
			files = (
			);
			runOnlyForDeploymentPostprocessing = 0;
		};
/* End PBXFrameworksBuildPhase section */

/* Begin PBXGroup section */
		7B28062E2165230D00F9FE49 = {
			isa = PBXGroup;
			children = (
				7B2806392165230E00F9FE49 /* Color */,
				7B2806382165230E00F9FE49 /* Products */,
			);
			sourceTree = "<group>";
		};
		7B2806382165230E00F9FE49 /* Products */ = {
			isa = PBXGroup;
			children = (
				7B2806372165230E00F9FE49 /* Color.app */,
			);
			name = Products;
			sourceTree = "<group>";
		};
		7B2806392165230E00F9FE49 /* Color */ = {
			isa = PBXGroup;
			children = (
				7B28063A2165230E00F9FE49 /* AppDelegate.swift */,
				7B28063C2165230E00F9FE49 /* CrayonViewController.swift */,
				7B28064E2165242100F9FE49 /* CrayonTableViewCell.swift */,
				7B28064C216523D900F9FE49 /* CrayonColors.swift */,
				7B2806502165282300F9FE49 /* Crayon.swift */,
				7B2806522165283D00F9FE49 /* CrayonTableViewCellDelegate.swift */,
				7B2806542165285C00F9FE49 /* CrayonModel.swift */,
				7B28063E2165230E00F9FE49 /* Main.storyboard */,
				7B2806412165231000F9FE49 /* Assets.xcassets */,
				7B2806432165231000F9FE49 /* LaunchScreen.storyboard */,
				7B2806462165231000F9FE49 /* Info.plist */,
			);
			path = Color;
			sourceTree = "<group>";
		};
/* End PBXGroup section */

/* Begin PBXNativeTarget section */
		7B2806362165230E00F9FE49 /* Color */ = {
			isa = PBXNativeTarget;
			buildConfigurationList = 7B2806492165231000F9FE49 /* Build configuration list for PBXNativeTarget "Color" */;
			buildPhases = (
				7B2806332165230E00F9FE49 /* Sources */,
				7B2806342165230E00F9FE49 /* Frameworks */,
				7B2806352165230E00F9FE49 /* Resources */,
			);
			buildRules = (
			);
			dependencies = (
			);
			name = Color;
			productName = Color;
			productReference = 7B2806372165230E00F9FE49 /* Color.app */;
			productType = "com.apple.product-type.application";
		};
/* End PBXNativeTarget section */

/* Begin PBXProject section */
		7B28062F2165230D00F9FE49 /* Project object */ = {
			isa = PBXProject;
			attributes = {
				LastSwiftUpdateCheck = 1000;
				LastUpgradeCheck = 1000;
				ORGANIZATIONNAME = "Sean Hendrix";
				TargetAttributes = {
					7B2806362165230E00F9FE49 = {
						CreatedOnToolsVersion = 10.0;
					};
				};
			};
			buildConfigurationList = 7B2806322165230D00F9FE49 /* Build configuration list for PBXProject "Color" */;
			compatibilityVersion = "Xcode 9.3";
			developmentRegion = en;
			hasScannedForEncodings = 0;
			knownRegions = (
				en,
				Base,
			);
			mainGroup = 7B28062E2165230D00F9FE49;
			productRefGroup = 7B2806382165230E00F9FE49 /* Products */;
			projectDirPath = "";
			projectRoot = "";
			targets = (
				7B2806362165230E00F9FE49 /* Color */,
			);
		};
/* End PBXProject section */

/* Begin PBXResourcesBuildPhase section */
		7B2806352165230E00F9FE49 /* Resources */ = {
			isa = PBXResourcesBuildPhase;
			buildActionMask = 2147483647;
			files = (
				7B2806452165231000F9FE49 /* LaunchScreen.storyboard in Resources */,
				7B2806422165231000F9FE49 /* Assets.xcassets in Resources */,
				7B2806402165230E00F9FE49 /* Main.storyboard in Resources */,
			);
			runOnlyForDeploymentPostprocessing = 0;
		};
/* End PBXResourcesBuildPhase section */

/* Begin PBXSourcesBuildPhase section */
		7B2806332165230E00F9FE49 /* Sources */ = {
			isa = PBXSourcesBuildPhase;
			buildActionMask = 2147483647;
			files = (
				7B2806532165283D00F9FE49 /* CrayonTableViewCellDelegate.swift in Sources */,
				7B28063D2165230E00F9FE49 /* CrayonViewController.swift in Sources */,
				7B2806552165285C00F9FE49 /* CrayonModel.swift in Sources */,
				7B2806512165282300F9FE49 /* Crayon.swift in Sources */,
				7B28063B2165230E00F9FE49 /* AppDelegate.swift in Sources */,
				7B28064D216523D900F9FE49 /* CrayonColors.swift in Sources */,
				7B28064F2165242100F9FE49 /* CrayonTableViewCell.swift in Sources */,
			);
			runOnlyForDeploymentPostprocessing = 0;
		};
/* End PBXSourcesBuildPhase section */

/* Begin PBXVariantGroup section */
		7B28063E2165230E00F9FE49 /* Main.storyboard */ = {
			isa = PBXVariantGroup;
			children = (
				7B28063F2165230E00F9FE49 /* Base */,
			);
			name = Main.storyboard;
			sourceTree = "<group>";
		};
		7B2806432165231000F9FE49 /* LaunchScreen.storyboard */ = {
			isa = PBXVariantGroup;
			children = (
				7B2806442165231000F9FE49 /* Base */,
			);
			name = LaunchScreen.storyboard;
			sourceTree = "<group>";
		};
/* End PBXVariantGroup section */

/* Begin XCBuildConfiguration section */
		7B2806472165231000F9FE49 /* Debug */ = {
			isa = XCBuildConfiguration;
			buildSettings = {
				ALWAYS_SEARCH_USER_PATHS = NO;
				CLANG_ANALYZER_NONNULL = YES;
				CLANG_ANALYZER_NUMBER_OBJECT_CONVERSION = YES_AGGRESSIVE;
				CLANG_CXX_LANGUAGE_STANDARD = "gnu++14";
				CLANG_CXX_LIBRARY = "libc++";
				CLANG_ENABLE_MODULES = YES;
				CLANG_ENABLE_OBJC_ARC = YES;
				CLANG_ENABLE_OBJC_WEAK = YES;
				CLANG_WARN_BLOCK_CAPTURE_AUTORELEASING = YES;
				CLANG_WARN_BOOL_CONVERSION = YES;
				CLANG_WARN_COMMA = YES;
				CLANG_WARN_CONSTANT_CONVERSION = YES;
				CLANG_WARN_DEPRECATED_OBJC_IMPLEMENTATIONS = YES;
				CLANG_WARN_DIRECT_OBJC_ISA_USAGE = YES_ERROR;
				CLANG_WARN_DOCUMENTATION_COMMENTS = YES;
				CLANG_WARN_EMPTY_BODY = YES;
				CLANG_WARN_ENUM_CONVERSION = YES;
				CLANG_WARN_INFINITE_RECURSION = YES;
				CLANG_WARN_INT_CONVERSION = YES;
				CLANG_WARN_NON_LITERAL_NULL_CONVERSION = YES;
				CLANG_WARN_OBJC_IMPLICIT_RETAIN_SELF = YES;
				CLANG_WARN_OBJC_LITERAL_CONVERSION = YES;
				CLANG_WARN_OBJC_ROOT_CLASS = YES_ERROR;
				CLANG_WARN_RANGE_LOOP_ANALYSIS = YES;
				CLANG_WARN_STRICT_PROTOTYPES = YES;
				CLANG_WARN_SUSPICIOUS_MOVE = YES;
				CLANG_WARN_UNGUARDED_AVAILABILITY = YES_AGGRESSIVE;
				CLANG_WARN_UNREACHABLE_CODE = YES;
				CLANG_WARN__DUPLICATE_METHOD_MATCH = YES;
				CODE_SIGN_IDENTITY = "iPhone Developer";
				COPY_PHASE_STRIP = NO;
				DEBUG_INFORMATION_FORMAT = dwarf;
				ENABLE_STRICT_OBJC_MSGSEND = YES;
				ENABLE_TESTABILITY = YES;
				GCC_C_LANGUAGE_STANDARD = gnu11;
				GCC_DYNAMIC_NO_PIC = NO;
				GCC_NO_COMMON_BLOCKS = YES;
				GCC_OPTIMIZATION_LEVEL = 0;
				GCC_PREPROCESSOR_DEFINITIONS = (
					"DEBUG=1",
					"$(inherited)",
				);
				GCC_WARN_64_TO_32_BIT_CONVERSION = YES;
				GCC_WARN_ABOUT_RETURN_TYPE = YES_ERROR;
				GCC_WARN_UNDECLARED_SELECTOR = YES;
				GCC_WARN_UNINITIALIZED_AUTOS = YES_AGGRESSIVE;
				GCC_WARN_UNUSED_FUNCTION = YES;
				GCC_WARN_UNUSED_VARIABLE = YES;
				IPHONEOS_DEPLOYMENT_TARGET = 12.0;
				MTL_ENABLE_DEBUG_INFO = INCLUDE_SOURCE;
				MTL_FAST_MATH = YES;
				ONLY_ACTIVE_ARCH = YES;
				SDKROOT = iphoneos;
				SWIFT_ACTIVE_COMPILATION_CONDITIONS = DEBUG;
				SWIFT_OPTIMIZATION_LEVEL = "-Onone";
			};
			name = Debug;
		};
		7B2806482165231000F9FE49 /* Release */ = {
			isa = XCBuildConfiguration;
			buildSettings = {
				ALWAYS_SEARCH_USER_PATHS = NO;
				CLANG_ANALYZER_NONNULL = YES;
				CLANG_ANALYZER_NUMBER_OBJECT_CONVERSION = YES_AGGRESSIVE;
				CLANG_CXX_LANGUAGE_STANDARD = "gnu++14";
				CLANG_CXX_LIBRARY = "libc++";
				CLANG_ENABLE_MODULES = YES;
				CLANG_ENABLE_OBJC_ARC = YES;
				CLANG_ENABLE_OBJC_WEAK = YES;
				CLANG_WARN_BLOCK_CAPTURE_AUTORELEASING = YES;
				CLANG_WARN_BOOL_CONVERSION = YES;
				CLANG_WARN_COMMA = YES;
				CLANG_WARN_CONSTANT_CONVERSION = YES;
				CLANG_WARN_DEPRECATED_OBJC_IMPLEMENTATIONS = YES;
				CLANG_WARN_DIRECT_OBJC_ISA_USAGE = YES_ERROR;
				CLANG_WARN_DOCUMENTATION_COMMENTS = YES;
				CLANG_WARN_EMPTY_BODY = YES;
				CLANG_WARN_ENUM_CONVERSION = YES;
				CLANG_WARN_INFINITE_RECURSION = YES;
				CLANG_WARN_INT_CONVERSION = YES;
				CLANG_WARN_NON_LITERAL_NULL_CONVERSION = YES;
				CLANG_WARN_OBJC_IMPLICIT_RETAIN_SELF = YES;
				CLANG_WARN_OBJC_LITERAL_CONVERSION = YES;
				CLANG_WARN_OBJC_ROOT_CLASS = YES_ERROR;
				CLANG_WARN_RANGE_LOOP_ANALYSIS = YES;
				CLANG_WARN_STRICT_PROTOTYPES = YES;
				CLANG_WARN_SUSPICIOUS_MOVE = YES;
				CLANG_WARN_UNGUARDED_AVAILABILITY = YES_AGGRESSIVE;
				CLANG_WARN_UNREACHABLE_CODE = YES;
				CLANG_WARN__DUPLICATE_METHOD_MATCH = YES;
				CODE_SIGN_IDENTITY = "iPhone Developer";
				COPY_PHASE_STRIP = NO;
				DEBUG_INFORMATION_FORMAT = "dwarf-with-dsym";
				ENABLE_NS_ASSERTIONS = NO;
				ENABLE_STRICT_OBJC_MSGSEND = YES;
				GCC_C_LANGUAGE_STANDARD = gnu11;
				GCC_NO_COMMON_BLOCKS = YES;
				GCC_WARN_64_TO_32_BIT_CONVERSION = YES;
				GCC_WARN_ABOUT_RETURN_TYPE = YES_ERROR;
				GCC_WARN_UNDECLARED_SELECTOR = YES;
				GCC_WARN_UNINITIALIZED_AUTOS = YES_AGGRESSIVE;
				GCC_WARN_UNUSED_FUNCTION = YES;
				GCC_WARN_UNUSED_VARIABLE = YES;
				IPHONEOS_DEPLOYMENT_TARGET = 12.0;
				MTL_ENABLE_DEBUG_INFO = NO;
				MTL_FAST_MATH = YES;
				SDKROOT = iphoneos;
				SWIFT_COMPILATION_MODE = wholemodule;
				SWIFT_OPTIMIZATION_LEVEL = "-O";
				VALIDATE_PRODUCT = YES;
			};
			name = Release;
		};
		7B28064A2165231000F9FE49 /* Debug */ = {
			isa = XCBuildConfiguration;
			buildSettings = {
				ASSETCATALOG_COMPILER_APPICON_NAME = AppIcon;
				CODE_SIGN_STYLE = Automatic;
				INFOPLIST_FILE = Color/Info.plist;
				LD_RUNPATH_SEARCH_PATHS = (
					"$(inherited)",
					"@executable_path/Frameworks",
				);
				PRODUCT_BUNDLE_IDENTIFIER = com.hendoware.Color;
				PRODUCT_NAME = "$(TARGET_NAME)";
				SWIFT_VERSION = 4.2;
				TARGETED_DEVICE_FAMILY = "1,2";
			};
			name = Debug;
		};
		7B28064B2165231000F9FE49 /* Release */ = {
			isa = XCBuildConfiguration;
			buildSettings = {
				ASSETCATALOG_COMPILER_APPICON_NAME = AppIcon;
				CODE_SIGN_STYLE = Automatic;
				INFOPLIST_FILE = Color/Info.plist;
				LD_RUNPATH_SEARCH_PATHS = (
					"$(inherited)",
					"@executable_path/Frameworks",
				);
				PRODUCT_BUNDLE_IDENTIFIER = com.hendoware.Color;
				PRODUCT_NAME = "$(TARGET_NAME)";
				SWIFT_VERSION = 4.2;
				TARGETED_DEVICE_FAMILY = "1,2";
			};
			name = Release;
		};
/* End XCBuildConfiguration section */

/* Begin XCConfigurationList section */
		7B2806322165230D00F9FE49 /* Build configuration list for PBXProject "Color" */ = {
			isa = XCConfigurationList;
			buildConfigurations = (
				7B2806472165231000F9FE49 /* Debug */,
				7B2806482165231000F9FE49 /* Release */,
			);
			defaultConfigurationIsVisible = 0;
			defaultConfigurationName = Release;
		};
		7B2806492165231000F9FE49 /* Build configuration list for PBXNativeTarget "Color" */ = {
			isa = XCConfigurationList;
			buildConfigurations = (
				7B28064A2165231000F9FE49 /* Debug */,
				7B28064B2165231000F9FE49 /* Release */,
			);
			defaultConfigurationIsVisible = 0;
			defaultConfigurationName = Release;
		};
/* End XCConfigurationList section */
	};
	rootObject = 7B28062F2165230D00F9FE49 /* Project object */;
}
